
Microsoft Visual Studio Solution File, Format Version 12.00
# Visual Studio Version 17
VisualStudioVersion = 17.7.34202.233
MinimumVisualStudioVersion = 10.0.40219.1
Project("{FAE04EC0-301F-11D3-BF4B-00C04F79EFBC}") = "ConsoleApp7", "ConsoleApp7\ConsoleApp7.csproj", "{24E4C68C-1D7C-4B84-A128-8B562A5D94BD}"
EndProject
Global
	GlobalSection(SolutionConfigurationPlatforms) = preSolution
		Debug|Any CPU = Debug|Any CPU
		Release|Any CPU = Release|Any CPU
	EndGlobalSection
	GlobalSection(ProjectConfigurationPlatforms) = postSolution
		{24E4C68C-1D7C-4B84-A128-8B562A5D94BD}.Debug|Any CPU.ActiveCfg = Debug|Any CPU
		{24E4C68C-1D7C-4B84-A128-8B562A5D94BD}.Debug|Any CPU.Build.0 = Debug|Any CPU
		{24E4C68C-1D7C-4B84-A128-8B562A5D94BD}.Release|Any CPU.ActiveCfg = Release|Any CPU
		{24E4C68C-1D7C-4B84-A128-8B562A5D94BD}.Release|Any CPU.Build.0 = Release|Any CPU
	EndGlobalSection
	GlobalSection(SolutionProperties) = preSolution
		HideSolutionNode = FALSE
	EndGlobalSection
	GlobalSection(ExtensibilityGlobals) = postSolution
		SolutionGuid = {C1F1E395-88DD-49AB-BF22-12FB1CFC4BE7}
	EndGlobalSection
EndGlobal
